
Microsoft Visual Studio Solution File, Format Version 12.00
# Visual Studio 15
VisualStudioVersion = 15.0.26124.0
MinimumVisualStudioVersion = 15.0.26124.0
Project("{2150E333-8FDC-42A3-9474-1A3956D46DE8}") = "src", "src", "{75E65A2D-F0F1-4D47-A15C-BFA9917C12D0}"
EndProject
Project("{FAE04EC0-301F-11D3-BF4B-00C04F79EFBC}") = "GradeBook", "src\GradeBook\GradeBook.csproj", "{0369246B-74A0-4276-AC53-65B6312761A4}"
EndProject
Project("{2150E333-8FDC-42A3-9474-1A3956D46DE8}") = "test", "test", "{73C00371-594A-44E0-9223-AA92C3FB04F9}"
EndProject
Project("{FAE04EC0-301F-11D3-BF4B-00C04F79EFBC}") = "GradeBook.Tests", "test\GradeBook.Tests\GradeBook.Tests.csproj", "{3EFCB1D2-DD7B-4023-BD86-2012BE119504}"
EndProject
Global
	GlobalSection(SolutionConfigurationPlatforms) = preSolution
		Debug|Any CPU = Debug|Any CPU
		Debug|x64 = Debug|x64
		Debug|x86 = Debug|x86
		Release|Any CPU = Release|Any CPU
		Release|x64 = Release|x64
		Release|x86 = Release|x86
	EndGlobalSection
	GlobalSection(SolutionProperties) = preSolution
		HideSolutionNode = FALSE
	EndGlobalSection
	GlobalSection(ProjectConfigurationPlatforms) = postSolution
		{0369246B-74A0-4276-AC53-65B6312761A4}.Debug|Any CPU.ActiveCfg = Debug|Any CPU
		{0369246B-74A0-4276-AC53-65B6312761A4}.Debug|Any CPU.Build.0 = Debug|Any CPU
		{0369246B-74A0-4276-AC53-65B6312761A4}.Debug|x64.ActiveCfg = Debug|Any CPU
		{0369246B-74A0-4276-AC53-65B6312761A4}.Debug|x64.Build.0 = Debug|Any CPU
		{0369246B-74A0-4276-AC53-65B6312761A4}.Debug|x86.ActiveCfg = Debug|Any CPU
		{0369246B-74A0-4276-AC53-65B6312761A4}.Debug|x86.Build.0 = Debug|Any CPU
		{0369246B-74A0-4276-AC53-65B6312761A4}.Release|Any CPU.ActiveCfg = Release|Any CPU
		{0369246B-74A0-4276-AC53-65B6312761A4}.Release|Any CPU.Build.0 = Release|Any CPU
		{0369246B-74A0-4276-AC53-65B6312761A4}.Release|x64.ActiveCfg = Release|Any CPU
		{0369246B-74A0-4276-AC53-65B6312761A4}.Release|x64.Build.0 = Release|Any CPU
		{0369246B-74A0-4276-AC53-65B6312761A4}.Release|x86.ActiveCfg = Release|Any CPU
		{0369246B-74A0-4276-AC53-65B6312761A4}.Release|x86.Build.0 = Release|Any CPU
		{3EFCB1D2-DD7B-4023-BD86-2012BE119504}.Debug|Any CPU.ActiveCfg = Debug|Any CPU
		{3EFCB1D2-DD7B-4023-BD86-2012BE119504}.Debug|Any CPU.Build.0 = Debug|Any CPU
		{3EFCB1D2-DD7B-4023-BD86-2012BE119504}.Debug|x64.ActiveCfg = Debug|Any CPU
		{3EFCB1D2-DD7B-4023-BD86-2012BE119504}.Debug|x64.Build.0 = Debug|Any CPU
		{3EFCB1D2-DD7B-4023-BD86-2012BE119504}.Debug|x86.ActiveCfg = Debug|Any CPU
		{3EFCB1D2-DD7B-4023-BD86-2012BE119504}.Debug|x86.Build.0 = Debug|Any CPU
		{3EFCB1D2-DD7B-4023-BD86-2012BE119504}.Release|Any CPU.ActiveCfg = Release|Any CPU
		{3EFCB1D2-DD7B-4023-BD86-2012BE119504}.Release|Any CPU.Build.0 = Release|Any CPU
		{3EFCB1D2-DD7B-4023-BD86-2012BE119504}.Release|x64.ActiveCfg = Release|Any CPU
		{3EFCB1D2-DD7B-4023-BD86-2012BE119504}.Release|x64.Build.0 = Release|Any CPU
		{3EFCB1D2-DD7B-4023-BD86-2012BE119504}.Release|x86.ActiveCfg = Release|Any CPU
		{3EFCB1D2-DD7B-4023-BD86-2012BE119504}.Release|x86.Build.0 = Release|Any CPU
	EndGlobalSection
	GlobalSection(NestedProjects) = preSolution
		{0369246B-74A0-4276-AC53-65B6312761A4} = {75E65A2D-F0F1-4D47-A15C-BFA9917C12D0}
		{3EFCB1D2-DD7B-4023-BD86-2012BE119504} = {73C00371-594A-44E0-9223-AA92C3FB04F9}
	EndGlobalSection
EndGlobal
