
Microsoft Visual Studio Solution File, Format Version 12.00
# Visual Studio 15
VisualStudioVersion = 15.0.27703.2047
MinimumVisualStudioVersion = 10.0.40219.1
Project("{FAE04EC0-301F-11D3-BF4B-00C04F79EFBC}") = "MVC_MusicStore", "MVC_MusicStore\MVC_MusicStore.csproj", "{392B561B-9BA5-4930-A9EC-6735855DD454}"
EndProject
Project("{FAE04EC0-301F-11D3-BF4B-00C04F79EFBC}") = "MVC_MusicStore.Tests", "MVC_MusicStore.Tests\MVC_MusicStore.Tests.csproj", "{F1957CE0-E4A5-410E-AA63-94AC65E62E8F}"
EndProject
Global
	GlobalSection(SolutionConfigurationPlatforms) = preSolution
		Debug|Any CPU = Debug|Any CPU
		Release|Any CPU = Release|Any CPU
	EndGlobalSection
	GlobalSection(ProjectConfigurationPlatforms) = postSolution
		{392B561B-9BA5-4930-A9EC-6735855DD454}.Debug|Any CPU.ActiveCfg = Debug|Any CPU
		{392B561B-9BA5-4930-A9EC-6735855DD454}.Debug|Any CPU.Build.0 = Debug|Any CPU
		{392B561B-9BA5-4930-A9EC-6735855DD454}.Release|Any CPU.ActiveCfg = Release|Any CPU
		{392B561B-9BA5-4930-A9EC-6735855DD454}.Release|Any CPU.Build.0 = Release|Any CPU
		{F1957CE0-E4A5-410E-AA63-94AC65E62E8F}.Debug|Any CPU.ActiveCfg = Debug|Any CPU
		{F1957CE0-E4A5-410E-AA63-94AC65E62E8F}.Debug|Any CPU.Build.0 = Debug|Any CPU
		{F1957CE0-E4A5-410E-AA63-94AC65E62E8F}.Release|Any CPU.ActiveCfg = Release|Any CPU
		{F1957CE0-E4A5-410E-AA63-94AC65E62E8F}.Release|Any CPU.Build.0 = Release|Any CPU
	EndGlobalSection
	GlobalSection(SolutionProperties) = preSolution
		HideSolutionNode = FALSE
	EndGlobalSection
	GlobalSection(ExtensibilityGlobals) = postSolution
		SolutionGuid = {D9CCAE63-3D44-4598-A9C1-A915F9234C74}
	EndGlobalSection
EndGlobal
