
Microsoft Visual Studio Solution File, Format Version 12.00
# Visual Studio Version 16
VisualStudioVersion = 16.0.29102.190
MinimumVisualStudioVersion = 10.0.40219.1
Project("{FAE04EC0-301F-11D3-BF4B-00C04F79EFBC}") = "MTMDataManager", "MTMDataManager\MTMDataManager.csproj", "{93685CB0-3C1B-42B2-9412-324C46A80298}"
EndProject
Project("{00D1A9C2-B5F0-4AF3-8072-F6C62B433612}") = "MirzCoData", "MirzCoData\MirzCoData.sqlproj", "{55993AA6-01D7-45A1-B43C-67980319CE60}"
EndProject
Global
	GlobalSection(SolutionConfigurationPlatforms) = preSolution
		Debug|Any CPU = Debug|Any CPU
		Release|Any CPU = Release|Any CPU
	EndGlobalSection
	GlobalSection(ProjectConfigurationPlatforms) = postSolution
		{93685CB0-3C1B-42B2-9412-324C46A80298}.Debug|Any CPU.ActiveCfg = Debug|Any CPU
		{93685CB0-3C1B-42B2-9412-324C46A80298}.Debug|Any CPU.Build.0 = Debug|Any CPU
		{93685CB0-3C1B-42B2-9412-324C46A80298}.Release|Any CPU.ActiveCfg = Release|Any CPU
		{93685CB0-3C1B-42B2-9412-324C46A80298}.Release|Any CPU.Build.0 = Release|Any CPU
		{55993AA6-01D7-45A1-B43C-67980319CE60}.Debug|Any CPU.ActiveCfg = Debug|Any CPU
		{55993AA6-01D7-45A1-B43C-67980319CE60}.Debug|Any CPU.Build.0 = Debug|Any CPU
		{55993AA6-01D7-45A1-B43C-67980319CE60}.Debug|Any CPU.Deploy.0 = Debug|Any CPU
		{55993AA6-01D7-45A1-B43C-67980319CE60}.Release|Any CPU.ActiveCfg = Release|Any CPU
		{55993AA6-01D7-45A1-B43C-67980319CE60}.Release|Any CPU.Build.0 = Release|Any CPU
		{55993AA6-01D7-45A1-B43C-67980319CE60}.Release|Any CPU.Deploy.0 = Release|Any CPU
	EndGlobalSection
	GlobalSection(SolutionProperties) = preSolution
		HideSolutionNode = FALSE
	EndGlobalSection
	GlobalSection(ExtensibilityGlobals) = postSolution
		SolutionGuid = {ADB8011D-48B5-4CF7-A280-F2B1E0CAC2FB}
	EndGlobalSection
EndGlobal
